// !$*UTF8*$!
{
	archiveVersion = 1;
	classes = {
	};
	objectVersion = 46;
	objects = {

/* Begin PBXBuildFile section */
		2BC3970E1AADE837001ABDF2 /* AppDelegate.swift in Sources */ = {isa = PBXBuildFile; fileRef = 2BC3970D1AADE837001ABDF2 /* AppDelegate.swift */; };
		2BC397101AADE837001ABDF2 /* ViewController.swift in Sources */ = {isa = PBXBuildFile; fileRef = 2BC3970F1AADE837001ABDF2 /* ViewController.swift */; };
		2BC397131AADE837001ABDF2 /* Main.storyboard in Resources */ = {isa = PBXBuildFile; fileRef = 2BC397111AADE837001ABDF2 /* Main.storyboard */; };
		2BC397151AADE837001ABDF2 /* Images.xcassets in Resources */ = {isa = PBXBuildFile; fileRef = 2BC397141AADE837001ABDF2 /* Images.xcassets */; };
		2BC397181AADE837001ABDF2 /* LaunchScreen.xib in Resources */ = {isa = PBXBuildFile; fileRef = 2BC397161AADE837001ABDF2 /* LaunchScreen.xib */; };
		2BC397241AADE837001ABDF2 /* ParseiOSTemplateTests.swift in Sources */ = {isa = PBXBuildFile; fileRef = 2BC397231AADE837001ABDF2 /* ParseiOSTemplateTests.swift */; };
/* End PBXBuildFile section */

/* Begin PBXContainerItemProxy section */
		2BC3971E1AADE837001ABDF2 /* PBXContainerItemProxy */ = {
			isa = PBXContainerItemProxy;
			containerPortal = 2BC397001AADE837001ABDF2 /* Project object */;
			proxyType = 1;
			remoteGlobalIDString = 2BC397071AADE837001ABDF2;
			remoteInfo = ParseiOSTemplate;
		};
/* End PBXContainerItemProxy section */

/* Begin PBXFileReference section */
		2BC397081AADE837001ABDF2 /* ParseiOSTemplate.app */ = {isa = PBXFileReference; explicitFileType = wrapper.application; includeInIndex = 0; path = ParseiOSTemplate.app; sourceTree = BUILT_PRODUCTS_DIR; };
		2BC3970C1AADE837001ABDF2 /* Info.plist */ = {isa = PBXFileReference; lastKnownFileType = text.plist.xml; path = Info.plist; sourceTree = "<group>"; };
		2BC3970D1AADE837001ABDF2 /* AppDelegate.swift */ = {isa = PBXFileReference; lastKnownFileType = sourcecode.swift; path = AppDelegate.swift; sourceTree = "<group>"; };
		2BC3970F1AADE837001ABDF2 /* ViewController.swift */ = {isa = PBXFileReference; lastKnownFileType = sourcecode.swift; path = ViewController.swift; sourceTree = "<group>"; };
		2BC397121AADE837001ABDF2 /* Base */ = {isa = PBXFileReference; lastKnownFileType = file.storyboard; name = Base; path = Base.lproj/Main.storyboard; sourceTree = "<group>"; };
		2BC397141AADE837001ABDF2 /* Images.xcassets */ = {isa = PBXFileReference; lastKnownFileType = folder.assetcatalog; path = Images.xcassets; sourceTree = "<group>"; };
		2BC397171AADE837001ABDF2 /* Base */ = {isa = PBXFileReference; lastKnownFileType = file.xib; name = Base; path = Base.lproj/LaunchScreen.xib; sourceTree = "<group>"; };
		2BC3971D1AADE837001ABDF2 /* ParseiOSTemplateTests.xctest */ = {isa = PBXFileReference; explicitFileType = wrapper.cfbundle; includeInIndex = 0; path = ParseiOSTemplateTests.xctest; sourceTree = BUILT_PRODUCTS_DIR; };
		2BC397221AADE837001ABDF2 /* Info.plist */ = {isa = PBXFileReference; lastKnownFileType = text.plist.xml; path = Info.plist; sourceTree = "<group>"; };
		2BC397231AADE837001ABDF2 /* ParseiOSTemplateTests.swift */ = {isa = PBXFileReference; lastKnownFileType = sourcecode.swift; path = ParseiOSTemplateTests.swift; sourceTree = "<group>"; };
/* End PBXFileReference section */

/* Begin PBXFrameworksBuildPhase section */
		2BC397051AADE837001ABDF2 /* Frameworks */ = {
			isa = PBXFrameworksBuildPhase;
			buildActionMask = 2147483647;
			files = (
			);
			runOnlyForDeploymentPostprocessing = 0;
		};
		2BC3971A1AADE837001ABDF2 /* Frameworks */ = {
			isa = PBXFrameworksBuildPhase;
			buildActionMask = 2147483647;
			files = (
			);
			runOnlyForDeploymentPostprocessing = 0;
		};
/* End PBXFrameworksBuildPhase section */

/* Begin PBXGroup section */
		2BC396FF1AADE837001ABDF2 = {
			isa = PBXGroup;
			children = (
				2BC3970A1AADE837001ABDF2 /* ParseiOSTemplate */,
				2BC397201AADE837001ABDF2 /* ParseiOSTemplateTests */,
				2BC397091AADE837001ABDF2 /* Products */,
			);
			sourceTree = "<group>";
		};
		2BC397091AADE837001ABDF2 /* Products */ = {
			isa = PBXGroup;
			children = (
				2BC397081AADE837001ABDF2 /* ParseiOSTemplate.app */,
				2BC3971D1AADE837001ABDF2 /* ParseiOSTemplateTests.xctest */,
			);
			name = Products;
			sourceTree = "<group>";
		};
		2BC3970A1AADE837001ABDF2 /* ParseiOSTemplate */ = {
			isa = PBXGroup;
			children = (
				2BC3970D1AADE837001ABDF2 /* AppDelegate.swift */,
				2BC3970F1AADE837001ABDF2 /* ViewController.swift */,
				2BC397111AADE837001ABDF2 /* Main.storyboard */,
				2BC397141AADE837001ABDF2 /* Images.xcassets */,
				2BC397161AADE837001ABDF2 /* LaunchScreen.xib */,
				2BC3970B1AADE837001ABDF2 /* Supporting Files */,
			);
			path = ParseiOSTemplate;
			sourceTree = "<group>";
		};
		2BC3970B1AADE837001ABDF2 /* Supporting Files */ = {
			isa = PBXGroup;
			children = (
				2BC3970C1AADE837001ABDF2 /* Info.plist */,
			);
			name = "Supporting Files";
			sourceTree = "<group>";
		};
		2BC397201AADE837001ABDF2 /* ParseiOSTemplateTests */ = {
			isa = PBXGroup;
			children = (
				2BC397231AADE837001ABDF2 /* ParseiOSTemplateTests.swift */,
				2BC397211AADE837001ABDF2 /* Supporting Files */,
			);
			path = ParseiOSTemplateTests;
			sourceTree = "<group>";
		};
		2BC397211AADE837001ABDF2 /* Supporting Files */ = {
			isa = PBXGroup;
			children = (
				2BC397221AADE837001ABDF2 /* Info.plist */,
			);
			name = "Supporting Files";
			sourceTree = "<group>";
		};
/* End PBXGroup section */

/* Begin PBXNativeTarget section */
		2BC397071AADE837001ABDF2 /* ParseiOSTemplate */ = {
			isa = PBXNativeTarget;
			buildConfigurationList = 2BC397271AADE837001ABDF2 /* Build configuration list for PBXNativeTarget "ParseiOSTemplate" */;
			buildPhases = (
				2BC397041AADE837001ABDF2 /* Sources */,
				2BC397051AADE837001ABDF2 /* Frameworks */,
				2BC397061AADE837001ABDF2 /* Resources */,
			);
			buildRules = (
			);
			dependencies = (
			);
			name = ParseiOSTemplate;
			productName = ParseiOSTemplate;
			productReference = 2BC397081AADE837001ABDF2 /* ParseiOSTemplate.app */;
			productType = "com.apple.product-type.application";
		};
		2BC3971C1AADE837001ABDF2 /* ParseiOSTemplateTests */ = {
			isa = PBXNativeTarget;
			buildConfigurationList = 2BC3972A1AADE837001ABDF2 /* Build configuration list for PBXNativeTarget "ParseiOSTemplateTests" */;
			buildPhases = (
				2BC397191AADE837001ABDF2 /* Sources */,
				2BC3971A1AADE837001ABDF2 /* Frameworks */,
				2BC3971B1AADE837001ABDF2 /* Resources */,
			);
			buildRules = (
			);
			dependencies = (
				2BC3971F1AADE837001ABDF2 /* PBXTargetDependency */,
			);
			name = ParseiOSTemplateTests;
			productName = ParseiOSTemplateTests;
			productReference = 2BC3971D1AADE837001ABDF2 /* ParseiOSTemplateTests.xctest */;
			productType = "com.apple.product-type.bundle.unit-test";
		};
/* End PBXNativeTarget section */

/* Begin PBXProject section */
		2BC397001AADE837001ABDF2 /* Project object */ = {
			isa = PBXProject;
			attributes = {
				LastUpgradeCheck = 0610;
				ORGANIZATIONNAME = Computer;
				TargetAttributes = {
					2BC397071AADE837001ABDF2 = {
						CreatedOnToolsVersion = 6.1.1;
					};
					2BC3971C1AADE837001ABDF2 = {
						CreatedOnToolsVersion = 6.1.1;
						TestTargetID = 2BC397071AADE837001ABDF2;
					};
				};
			};
			buildConfigurationList = 2BC397031AADE837001ABDF2 /* Build configuration list for PBXProject "ParseiOSTemplate" */;
			compatibilityVersion = "Xcode 3.2";
			developmentRegion = English;
			hasScannedForEncodings = 0;
			knownRegions = (
				en,
				Base,
			);
			mainGroup = 2BC396FF1AADE837001ABDF2;
			productRefGroup = 2BC397091AADE837001ABDF2 /* Products */;
			projectDirPath = "";
			projectRoot = "";
			targets = (
				2BC397071AADE837001ABDF2 /* ParseiOSTemplate */,
				2BC3971C1AADE837001ABDF2 /* ParseiOSTemplateTests */,
			);
		};
/* End PBXProject section */

/* Begin PBXResourcesBuildPhase section */
		2BC397061AADE837001ABDF2 /* Resources */ = {
			isa = PBXResourcesBuildPhase;
			buildActionMask = 2147483647;
			files = (
				2BC397131AADE837001ABDF2 /* Main.storyboard in Resources */,
				2BC397181AADE837001ABDF2 /* LaunchScreen.xib in Resources */,
				2BC397151AADE837001ABDF2 /* Images.xcassets in Resources */,
			);
			runOnlyForDeploymentPostprocessing = 0;
		};
		2BC3971B1AADE837001ABDF2 /* Resources */ = {
			isa = PBXResourcesBuildPhase;
			buildActionMask = 2147483647;
			files = (
			);
			runOnlyForDeploymentPostprocessing = 0;
		};
/* End PBXResourcesBuildPhase section */

/* Begin PBXSourcesBuildPhase section */
		2BC397041AADE837001ABDF2 /* Sources */ = {
			isa = PBXSourcesBuildPhase;
			buildActionMask = 2147483647;
			files = (
				2BC397101AADE837001ABDF2 /* ViewController.swift in Sources */,
				2BC3970E1AADE837001ABDF2 /* AppDelegate.swift in Sources */,
			);
			runOnlyForDeploymentPostprocessing = 0;
		};
		2BC397191AADE837001ABDF2 /* Sources */ = {
			isa = PBXSourcesBuildPhase;
			buildActionMask = 2147483647;
			files = (
				2BC397241AADE837001ABDF2 /* ParseiOSTemplateTests.swift in Sources */,
			);
			runOnlyForDeploymentPostprocessing = 0;
		};
/* End PBXSourcesBuildPhase section */

/* Begin PBXTargetDependency section */
		2BC3971F1AADE837001ABDF2 /* PBXTargetDependency */ = {
			isa = PBXTargetDependency;
			target = 2BC397071AADE837001ABDF2 /* ParseiOSTemplate */;
			targetProxy = 2BC3971E1AADE837001ABDF2 /* PBXContainerItemProxy */;
		};
/* End PBXTargetDependency section */

/* Begin PBXVariantGroup section */
		2BC397111AADE837001ABDF2 /* Main.storyboard */ = {
			isa = PBXVariantGroup;
			children = (
				2BC397121AADE837001ABDF2 /* Base */,
			);
			name = Main.storyboard;
			sourceTree = "<group>";
		};
		2BC397161AADE837001ABDF2 /* LaunchScreen.xib */ = {
			isa = PBXVariantGroup;
			children = (
				2BC397171AADE837001ABDF2 /* Base */,
			);
			name = LaunchScreen.xib;
			sourceTree = "<group>";
		};
/* End PBXVariantGroup section */

/* Begin XCBuildConfiguration section */
		2BC397251AADE837001ABDF2 /* Debug */ = {
			isa = XCBuildConfiguration;
			buildSettings = {
				ALWAYS_SEARCH_USER_PATHS = NO;
				CLANG_CXX_LANGUAGE_STANDARD = "gnu++0x";
				CLANG_CXX_LIBRARY = "libc++";
				CLANG_ENABLE_MODULES = YES;
				CLANG_ENABLE_OBJC_ARC = YES;
				CLANG_WARN_BOOL_CONVERSION = YES;
				CLANG_WARN_CONSTANT_CONVERSION = YES;
				CLANG_WARN_DIRECT_OBJC_ISA_USAGE = YES_ERROR;
				CLANG_WARN_EMPTY_BODY = YES;
				CLANG_WARN_ENUM_CONVERSION = YES;
				CLANG_WARN_INT_CONVERSION = YES;
				CLANG_WARN_OBJC_ROOT_CLASS = YES_ERROR;
				CLANG_WARN_UNREACHABLE_CODE = YES;
				CLANG_WARN__DUPLICATE_METHOD_MATCH = YES;
				"CODE_SIGN_IDENTITY[sdk=iphoneos*]" = "iPhone Developer";
				COPY_PHASE_STRIP = NO;
				ENABLE_STRICT_OBJC_MSGSEND = YES;
				GCC_C_LANGUAGE_STANDARD = gnu99;
				GCC_DYNAMIC_NO_PIC = NO;
				GCC_OPTIMIZATION_LEVEL = 0;
				GCC_PREPROCESSOR_DEFINITIONS = (
					"DEBUG=1",
					"$(inherited)",
				);
				GCC_SYMBOLS_PRIVATE_EXTERN = NO;
				GCC_WARN_64_TO_32_BIT_CONVERSION = YES;
				GCC_WARN_ABOUT_RETURN_TYPE = YES_ERROR;
				GCC_WARN_UNDECLARED_SELECTOR = YES;
				GCC_WARN_UNINITIALIZED_AUTOS = YES_AGGRESSIVE;
				GCC_WARN_UNUSED_FUNCTION = YES;
				GCC_WARN_UNUSED_VARIABLE = YES;
				IPHONEOS_DEPLOYMENT_TARGET = 8.1;
				MTL_ENABLE_DEBUG_INFO = YES;
				ONLY_ACTIVE_ARCH = YES;
				SDKROOT = iphoneos;
				SWIFT_OPTIMIZATION_LEVEL = "-Onone";
			};
			name = Debug;
		};
		2BC397261AADE837001ABDF2 /* Release */ = {
			isa = XCBuildConfiguration;
			buildSettings = {
				ALWAYS_SEARCH_USER_PATHS = NO;
				CLANG_CXX_LANGUAGE_STANDARD = "gnu++0x";
				CLANG_CXX_LIBRARY = "libc++";
				CLANG_ENABLE_MODULES = YES;
				CLANG_ENABLE_OBJC_ARC = YES;
				CLANG_WARN_BOOL_CONVERSION = YES;
				CLANG_WARN_CONSTANT_CONVERSION = YES;
				CLANG_WARN_DIRECT_OBJC_ISA_USAGE = YES_ERROR;
				CLANG_WARN_EMPTY_BODY = YES;
				CLANG_WARN_ENUM_CONVERSION = YES;
				CLANG_WARN_INT_CONVERSION = YES;
				CLANG_WARN_OBJC_ROOT_CLASS = YES_ERROR;
				CLANG_WARN_UNREACHABLE_CODE = YES;
				CLANG_WARN__DUPLICATE_METHOD_MATCH = YES;
				"CODE_SIGN_IDENTITY[sdk=iphoneos*]" = "iPhone Developer";
				COPY_PHASE_STRIP = YES;
				ENABLE_NS_ASSERTIONS = NO;
				ENABLE_STRICT_OBJC_MSGSEND = YES;
				GCC_C_LANGUAGE_STANDARD = gnu99;
				GCC_WARN_64_TO_32_BIT_CONVERSION = YES;
				GCC_WARN_ABOUT_RETURN_TYPE = YES_ERROR;
				GCC_WARN_UNDECLARED_SELECTOR = YES;
				GCC_WARN_UNINITIALIZED_AUTOS = YES_AGGRESSIVE;
				GCC_WARN_UNUSED_FUNCTION = YES;
				GCC_WARN_UNUSED_VARIABLE = YES;
				IPHONEOS_DEPLOYMENT_TARGET = 8.1;
				MTL_ENABLE_DEBUG_INFO = NO;
				SDKROOT = iphoneos;
				VALIDATE_PRODUCT = YES;
			};
			name = Release;
		};
		2BC397281AADE837001ABDF2 /* Debug */ = {
			isa = XCBuildConfiguration;
			buildSettings = {
				ASSETCATALOG_COMPILER_APPICON_NAME = AppIcon;
				INFOPLIST_FILE = ParseiOSTemplate/Info.plist;
				LD_RUNPATH_SEARCH_PATHS = "$(inherited) @executable_path/Frameworks";
				PRODUCT_NAME = "$(TARGET_NAME)";
			};
			name = Debug;
		};
		2BC397291AADE837001ABDF2 /* Release */ = {
			isa = XCBuildConfiguration;
			buildSettings = {
				ASSETCATALOG_COMPILER_APPICON_NAME = AppIcon;
				INFOPLIST_FILE = ParseiOSTemplate/Info.plist;
				LD_RUNPATH_SEARCH_PATHS = "$(inherited) @executable_path/Frameworks";
				PRODUCT_NAME = "$(TARGET_NAME)";
			};
			name = Release;
		};
		2BC3972B1AADE837001ABDF2 /* Debug */ = {
			isa = XCBuildConfiguration;
			buildSettings = {
				BUNDLE_LOADER = "$(TEST_HOST)";
				FRAMEWORK_SEARCH_PATHS = (
					"$(SDKROOT)/Developer/Library/Frameworks",
					"$(inherited)",
				);
				GCC_PREPROCESSOR_DEFINITIONS = (
					"DEBUG=1",
					"$(inherited)",
				);
				INFOPLIST_FILE = ParseiOSTemplateTests/Info.plist;
				LD_RUNPATH_SEARCH_PATHS = "$(inherited) @executable_path/Frameworks @loader_path/Frameworks";
				PRODUCT_NAME = "$(TARGET_NAME)";
				TEST_HOST = "$(BUILT_PRODUCTS_DIR)/ParseiOSTemplate.app/ParseiOSTemplate";
			};
			name = Debug;
		};
		2BC3972C1AADE837001ABDF2 /* Release */ = {
			isa = XCBuildConfiguration;
			buildSettings = {
				BUNDLE_LOADER = "$(TEST_HOST)";
				FRAMEWORK_SEARCH_PATHS = (
					"$(SDKROOT)/Developer/Library/Frameworks",
					"$(inherited)",
				);
				INFOPLIST_FILE = ParseiOSTemplateTests/Info.plist;
				LD_RUNPATH_SEARCH_PATHS = "$(inherited) @executable_path/Frameworks @loader_path/Frameworks";
				PRODUCT_NAME = "$(TARGET_NAME)";
				TEST_HOST = "$(BUILT_PRODUCTS_DIR)/ParseiOSTemplate.app/ParseiOSTemplate";
			};
			name = Release;
		};
/* End XCBuildConfiguration section */

/* Begin XCConfigurationList section */
		2BC397031AADE837001ABDF2 /* Build configuration list for PBXProject "ParseiOSTemplate" */ = {
			isa = XCConfigurationList;
			buildConfigurations = (
				2BC397251AADE837001ABDF2 /* Debug */,
				2BC397261AADE837001ABDF2 /* Release */,
			);
			defaultConfigurationIsVisible = 0;
			defaultConfigurationName = Release;
		};
		2BC397271AADE837001ABDF2 /* Build configuration list for PBXNativeTarget "ParseiOSTemplate" */ = {
			isa = XCConfigurationList;
			buildConfigurations = (
				2BC397281AADE837001ABDF2 /* Debug */,
				2BC397291AADE837001ABDF2 /* Release */,
			);
			defaultConfigurationIsVisible = 0;
		};
		2BC3972A1AADE837001ABDF2 /* Build configuration list for PBXNativeTarget "ParseiOSTemplateTests" */ = {
			isa = XCConfigurationList;
			buildConfigurations = (
				2BC3972B1AADE837001ABDF2 /* Debug */,
				2BC3972C1AADE837001ABDF2 /* Release */,
			);
			defaultConfigurationIsVisible = 0;
		};
/* End XCConfigurationList section */
	};
	rootObject = 2BC397001AADE837001ABDF2 /* Project object */;
}
